// !$*UTF8*$!
{
	archiveVersion = 1;
	classes = {
	};
	objectVersion = 56;
	objects = {

/* Begin PBXBuildFile section */
		4221DF1C2A9725B600F532F1 /* MenuModel.swift in Sources */ = {isa = PBXBuildFile; fileRef = 4221DF1B2A9725B600F532F1 /* MenuModel.swift */; };
		4221DF1E2A9725D400F532F1 /* MenuView.swift in Sources */ = {isa = PBXBuildFile; fileRef = 4221DF1D2A9725D400F532F1 /* MenuView.swift */; };
		4221DF212A97275F00F532F1 /* ColorExtension.swift in Sources */ = {isa = PBXBuildFile; fileRef = 4221DF202A97275F00F532F1 /* ColorExtension.swift */; };
		4221DF232A9735BC00F532F1 /* MenuCardView.swift in Sources */ = {isa = PBXBuildFile; fileRef = 4221DF222A9735BC00F532F1 /* MenuCardView.swift */; };
		4221DF252A97429400F532F1 /* MenuTypeCardView.swift in Sources */ = {isa = PBXBuildFile; fileRef = 4221DF242A97429400F532F1 /* MenuTypeCardView.swift */; };
		4221DF272A97458B00F532F1 /* OrderListView.swift in Sources */ = {isa = PBXBuildFile; fileRef = 4221DF262A97458B00F532F1 /* OrderListView.swift */; };
		4221DF2A2A9748AC00F532F1 /* AfterPaymentView.swift in Sources */ = {isa = PBXBuildFile; fileRef = 4221DF292A9748AC00F532F1 /* AfterPaymentView.swift */; };
		4221DF2C2A97526E00F532F1 /* MenuTypeModel.swift in Sources */ = {isa = PBXBuildFile; fileRef = 4221DF2B2A97526E00F532F1 /* MenuTypeModel.swift */; };
		B2EDD6192A98F1F90017EEF8 /* MenuCreator.swift in Sources */ = {isa = PBXBuildFile; fileRef = B2EDD6182A98F1F90017EEF8 /* MenuCreator.swift */; };
		B2EDD61C2A98F2770017EEF8 /* WordCorrector in Frameworks */ = {isa = PBXBuildFile; productRef = B2EDD61B2A98F2770017EEF8 /* WordCorrector */; };
		B2EDD61E2A9900DF0017EEF8 /* StringExtension.swift in Sources */ = {isa = PBXBuildFile; fileRef = B2EDD61D2A9900DE0017EEF8 /* StringExtension.swift */; };
		B2EDD6262A9902C30017EEF8 /* hackertonTests.swift in Sources */ = {isa = PBXBuildFile; fileRef = B2EDD6252A9902C30017EEF8 /* hackertonTests.swift */; };
		B52523702A98BF66004FC2C3 /* WordTaggerView.swift in Sources */ = {isa = PBXBuildFile; fileRef = B525236D2A98BF66004FC2C3 /* WordTaggerView.swift */; };
		B52523712A98BF66004FC2C3 /* WordTaggerViewModel.swift in Sources */ = {isa = PBXBuildFile; fileRef = B525236F2A98BF66004FC2C3 /* WordTaggerViewModel.swift */; };
		B52523732A98BF9E004FC2C3 /* WordTagger1.mlmodel in Sources */ = {isa = PBXBuildFile; fileRef = B52523722A98BF9E004FC2C3 /* WordTagger1.mlmodel */; };
		B5C739692A8D202E005CFC2C /* hackertonApp.swift in Sources */ = {isa = PBXBuildFile; fileRef = B5C739682A8D202E005CFC2C /* hackertonApp.swift */; };
		B5C7396B2A8D202E005CFC2C /* ContentView.swift in Sources */ = {isa = PBXBuildFile; fileRef = B5C7396A2A8D202E005CFC2C /* ContentView.swift */; };
		B5C7396D2A8D202F005CFC2C /* Assets.xcassets in Resources */ = {isa = PBXBuildFile; fileRef = B5C7396C2A8D202F005CFC2C /* Assets.xcassets */; };
		B5C739702A8D202F005CFC2C /* Preview Assets.xcassets in Resources */ = {isa = PBXBuildFile; fileRef = B5C7396F2A8D202F005CFC2C /* Preview Assets.xcassets */; };
		B5C739772A8D23E8005CFC2C /* OrderButtonView.swift in Sources */ = {isa = PBXBuildFile; fileRef = B5C739762A8D23E8005CFC2C /* OrderButtonView.swift */; };
/* End PBXBuildFile section */

/* Begin PBXContainerItemProxy section */
		B2EDD6272A9902C30017EEF8 /* PBXContainerItemProxy */ = {
			isa = PBXContainerItemProxy;
			containerPortal = B5C7395D2A8D202E005CFC2C /* Project object */;
			proxyType = 1;
			remoteGlobalIDString = B5C739642A8D202E005CFC2C;
			remoteInfo = hackerton;
		};
/* End PBXContainerItemProxy section */

/* Begin PBXFileReference section */
		4221DF1B2A9725B600F532F1 /* MenuModel.swift */ = {isa = PBXFileReference; lastKnownFileType = sourcecode.swift; path = MenuModel.swift; sourceTree = "<group>"; };
		4221DF1D2A9725D400F532F1 /* MenuView.swift */ = {isa = PBXFileReference; lastKnownFileType = sourcecode.swift; path = MenuView.swift; sourceTree = "<group>"; };
		4221DF202A97275F00F532F1 /* ColorExtension.swift */ = {isa = PBXFileReference; lastKnownFileType = sourcecode.swift; path = ColorExtension.swift; sourceTree = "<group>"; };
		4221DF222A9735BC00F532F1 /* MenuCardView.swift */ = {isa = PBXFileReference; lastKnownFileType = sourcecode.swift; path = MenuCardView.swift; sourceTree = "<group>"; };
		4221DF242A97429400F532F1 /* MenuTypeCardView.swift */ = {isa = PBXFileReference; lastKnownFileType = sourcecode.swift; path = MenuTypeCardView.swift; sourceTree = "<group>"; };
		4221DF262A97458B00F532F1 /* OrderListView.swift */ = {isa = PBXFileReference; lastKnownFileType = sourcecode.swift; path = OrderListView.swift; sourceTree = "<group>"; };
		4221DF292A9748AC00F532F1 /* AfterPaymentView.swift */ = {isa = PBXFileReference; lastKnownFileType = sourcecode.swift; path = AfterPaymentView.swift; sourceTree = "<group>"; };
		4221DF2B2A97526E00F532F1 /* MenuTypeModel.swift */ = {isa = PBXFileReference; lastKnownFileType = sourcecode.swift; path = MenuTypeModel.swift; sourceTree = "<group>"; };
		B2EDD6182A98F1F90017EEF8 /* MenuCreator.swift */ = {isa = PBXFileReference; lastKnownFileType = sourcecode.swift; path = MenuCreator.swift; sourceTree = "<group>"; };
		B2EDD61D2A9900DE0017EEF8 /* StringExtension.swift */ = {isa = PBXFileReference; lastKnownFileType = sourcecode.swift; path = StringExtension.swift; sourceTree = "<group>"; };
		B2EDD6232A9902C30017EEF8 /* hackertonTests.xctest */ = {isa = PBXFileReference; explicitFileType = wrapper.cfbundle; includeInIndex = 0; path = hackertonTests.xctest; sourceTree = BUILT_PRODUCTS_DIR; };
		B2EDD6252A9902C30017EEF8 /* hackertonTests.swift */ = {isa = PBXFileReference; lastKnownFileType = sourcecode.swift; path = hackertonTests.swift; sourceTree = "<group>"; };
		B525236D2A98BF66004FC2C3 /* WordTaggerView.swift */ = {isa = PBXFileReference; fileEncoding = 4; lastKnownFileType = sourcecode.swift; path = WordTaggerView.swift; sourceTree = "<group>"; };
		B525236F2A98BF66004FC2C3 /* WordTaggerViewModel.swift */ = {isa = PBXFileReference; fileEncoding = 4; lastKnownFileType = sourcecode.swift; path = WordTaggerViewModel.swift; sourceTree = "<group>"; };
		B52523722A98BF9E004FC2C3 /* WordTagger1.mlmodel */ = {isa = PBXFileReference; lastKnownFileType = file.mlmodel; path = WordTagger1.mlmodel; sourceTree = "<group>"; };
		B5C739652A8D202E005CFC2C /* hackerton.app */ = {isa = PBXFileReference; explicitFileType = wrapper.application; includeInIndex = 0; path = hackerton.app; sourceTree = BUILT_PRODUCTS_DIR; };
		B5C739682A8D202E005CFC2C /* hackertonApp.swift */ = {isa = PBXFileReference; lastKnownFileType = sourcecode.swift; path = hackertonApp.swift; sourceTree = "<group>"; };
		B5C7396A2A8D202E005CFC2C /* ContentView.swift */ = {isa = PBXFileReference; lastKnownFileType = sourcecode.swift; path = ContentView.swift; sourceTree = "<group>"; };
		B5C7396C2A8D202F005CFC2C /* Assets.xcassets */ = {isa = PBXFileReference; lastKnownFileType = folder.assetcatalog; path = Assets.xcassets; sourceTree = "<group>"; };
		B5C7396F2A8D202F005CFC2C /* Preview Assets.xcassets */ = {isa = PBXFileReference; lastKnownFileType = folder.assetcatalog; path = "Preview Assets.xcassets"; sourceTree = "<group>"; };
		B5C739762A8D23E8005CFC2C /* OrderButtonView.swift */ = {isa = PBXFileReference; lastKnownFileType = sourcecode.swift; path = OrderButtonView.swift; sourceTree = "<group>"; };
		B5C739942A934D5E005CFC2C /* Info.plist */ = {isa = PBXFileReference; lastKnownFileType = text.plist; path = Info.plist; sourceTree = "<group>"; };
/* End PBXFileReference section */

/* Begin PBXFrameworksBuildPhase section */
		B2EDD6202A9902C30017EEF8 /* Frameworks */ = {
			isa = PBXFrameworksBuildPhase;
			buildActionMask = 2147483647;
			files = (
			);
			runOnlyForDeploymentPostprocessing = 0;
		};
		B5C739622A8D202E005CFC2C /* Frameworks */ = {
			isa = PBXFrameworksBuildPhase;
			buildActionMask = 2147483647;
			files = (
				B2EDD61C2A98F2770017EEF8 /* WordCorrector in Frameworks */,
			);
			runOnlyForDeploymentPostprocessing = 0;
		};
/* End PBXFrameworksBuildPhase section */

/* Begin PBXGroup section */
		4221DF192A97258E00F532F1 /* View */ = {
			isa = PBXGroup;
			children = (
				4221DF2D2A97533D00F532F1 /* CardView */,
				B5C7396A2A8D202E005CFC2C /* ContentView.swift */,
				4221DF1D2A9725D400F532F1 /* MenuView.swift */,
				4221DF262A97458B00F532F1 /* OrderListView.swift */,
				4221DF292A9748AC00F532F1 /* AfterPaymentView.swift */,
			);
			path = View;
			sourceTree = "<group>";
		};
		4221DF1A2A9725A400F532F1 /* Model */ = {
			isa = PBXGroup;
			children = (
				4221DF1B2A9725B600F532F1 /* MenuModel.swift */,
				4221DF2B2A97526E00F532F1 /* MenuTypeModel.swift */,
			);
			path = Model;
			sourceTree = "<group>";
		};
		4221DF1F2A97273E00F532F1 /* Extension */ = {
			isa = PBXGroup;
			children = (
				4221DF202A97275F00F532F1 /* ColorExtension.swift */,
				B2EDD61D2A9900DE0017EEF8 /* StringExtension.swift */,
			);
			path = Extension;
			sourceTree = "<group>";
		};
		4221DF2D2A97533D00F532F1 /* CardView */ = {
			isa = PBXGroup;
			children = (
				4221DF222A9735BC00F532F1 /* MenuCardView.swift */,
				4221DF242A97429400F532F1 /* MenuTypeCardView.swift */,
			);
			path = CardView;
			sourceTree = "<group>";
		};
		B2EDD6242A9902C30017EEF8 /* hackertonTests */ = {
			isa = PBXGroup;
			children = (
				B2EDD6252A9902C30017EEF8 /* hackertonTests.swift */,
			);
			path = hackertonTests;
			sourceTree = "<group>";
		};
		B525236B2A98BF66004FC2C3 /* MLModel */ = {
			isa = PBXGroup;
			children = (
				B525236C2A98BF66004FC2C3 /* MLModelView */,
				B525236E2A98BF66004FC2C3 /* MLModelViewModel */,
				B2EDD6182A98F1F90017EEF8 /* MenuCreator.swift */,
			);
			path = MLModel;
			sourceTree = "<group>";
		};
		B525236C2A98BF66004FC2C3 /* MLModelView */ = {
			isa = PBXGroup;
			children = (
				B525236D2A98BF66004FC2C3 /* WordTaggerView.swift */,
			);
			path = MLModelView;
			sourceTree = "<group>";
		};
		B525236E2A98BF66004FC2C3 /* MLModelViewModel */ = {
			isa = PBXGroup;
			children = (
				B525236F2A98BF66004FC2C3 /* WordTaggerViewModel.swift */,
			);
			path = MLModelViewModel;
			sourceTree = "<group>";
		};
		B5C7395C2A8D202E005CFC2C = {
			isa = PBXGroup;
			children = (
				B5C739672A8D202E005CFC2C /* hackerton */,
				B2EDD6242A9902C30017EEF8 /* hackertonTests */,
				B5C739662A8D202E005CFC2C /* Products */,
			);
			sourceTree = "<group>";
		};
		B5C739662A8D202E005CFC2C /* Products */ = {
			isa = PBXGroup;
			children = (
				B5C739652A8D202E005CFC2C /* hackerton.app */,
				B2EDD6232A9902C30017EEF8 /* hackertonTests.xctest */,
			);
			name = Products;
			sourceTree = "<group>";
		};
		B5C739672A8D202E005CFC2C /* hackerton */ = {
			isa = PBXGroup;
			children = (
				B52523722A98BF9E004FC2C3 /* WordTagger1.mlmodel */,
				B525236B2A98BF66004FC2C3 /* MLModel */,
				B5C739942A934D5E005CFC2C /* Info.plist */,
				B5C739682A8D202E005CFC2C /* hackertonApp.swift */,
				4221DF192A97258E00F532F1 /* View */,
				B5C739762A8D23E8005CFC2C /* OrderButtonView.swift */,
				4221DF1F2A97273E00F532F1 /* Extension */,
				4221DF1A2A9725A400F532F1 /* Model */,
				B5C7396C2A8D202F005CFC2C /* Assets.xcassets */,
				B5C7396E2A8D202F005CFC2C /* Preview Content */,
			);
			path = hackerton;
			sourceTree = "<group>";
		};
		B5C7396E2A8D202F005CFC2C /* Preview Content */ = {
			isa = PBXGroup;
			children = (
				B5C7396F2A8D202F005CFC2C /* Preview Assets.xcassets */,
			);
			path = "Preview Content";
			sourceTree = "<group>";
		};
/* End PBXGroup section */

/* Begin PBXNativeTarget section */
		B2EDD6222A9902C30017EEF8 /* hackertonTests */ = {
			isa = PBXNativeTarget;
			buildConfigurationList = B2EDD6292A9902C30017EEF8 /* Build configuration list for PBXNativeTarget "hackertonTests" */;
			buildPhases = (
				B2EDD61F2A9902C30017EEF8 /* Sources */,
				B2EDD6202A9902C30017EEF8 /* Frameworks */,
				B2EDD6212A9902C30017EEF8 /* Resources */,
			);
			buildRules = (
			);
			dependencies = (
				B2EDD6282A9902C30017EEF8 /* PBXTargetDependency */,
			);
			name = hackertonTests;
			productName = hackertonTests;
			productReference = B2EDD6232A9902C30017EEF8 /* hackertonTests.xctest */;
			productType = "com.apple.product-type.bundle.unit-test";
		};
		B5C739642A8D202E005CFC2C /* hackerton */ = {
			isa = PBXNativeTarget;
			buildConfigurationList = B5C739732A8D202F005CFC2C /* Build configuration list for PBXNativeTarget "hackerton" */;
			buildPhases = (
				B5C739612A8D202E005CFC2C /* Sources */,
				B5C739622A8D202E005CFC2C /* Frameworks */,
				B5C739632A8D202E005CFC2C /* Resources */,
			);
			buildRules = (
			);
			dependencies = (
			);
			name = hackerton;
			packageProductDependencies = (
				B2EDD61B2A98F2770017EEF8 /* WordCorrector */,
			);
			productName = hackerton;
			productReference = B5C739652A8D202E005CFC2C /* hackerton.app */;
			productType = "com.apple.product-type.application";
		};
/* End PBXNativeTarget section */

/* Begin PBXProject section */
		B5C7395D2A8D202E005CFC2C /* Project object */ = {
			isa = PBXProject;
			attributes = {
				BuildIndependentTargetsInParallel = 1;
				LastSwiftUpdateCheck = 1430;
				LastUpgradeCheck = 1430;
				TargetAttributes = {
					B2EDD6222A9902C30017EEF8 = {
						CreatedOnToolsVersion = 14.3.1;
						TestTargetID = B5C739642A8D202E005CFC2C;
					};
					B5C739642A8D202E005CFC2C = {
						CreatedOnToolsVersion = 14.3.1;
					};
				};
			};
			buildConfigurationList = B5C739602A8D202E005CFC2C /* Build configuration list for PBXProject "hackerton" */;
			compatibilityVersion = "Xcode 14.0";
			developmentRegion = en;
			hasScannedForEncodings = 0;
			knownRegions = (
				en,
				Base,
			);
			mainGroup = B5C7395C2A8D202E005CFC2C;
			packageReferences = (
				B2EDD61A2A98F2770017EEF8 /* XCRemoteSwiftPackageReference "WordCorrector" */,
			);
			productRefGroup = B5C739662A8D202E005CFC2C /* Products */;
			projectDirPath = "";
			projectRoot = "";
			targets = (
				B5C739642A8D202E005CFC2C /* hackerton */,
				B2EDD6222A9902C30017EEF8 /* hackertonTests */,
			);
		};
/* End PBXProject section */

/* Begin PBXResourcesBuildPhase section */
		B2EDD6212A9902C30017EEF8 /* Resources */ = {
			isa = PBXResourcesBuildPhase;
			buildActionMask = 2147483647;
			files = (
			);
			runOnlyForDeploymentPostprocessing = 0;
		};
		B5C739632A8D202E005CFC2C /* Resources */ = {
			isa = PBXResourcesBuildPhase;
			buildActionMask = 2147483647;
			files = (
				B5C739702A8D202F005CFC2C /* Preview Assets.xcassets in Resources */,
				B5C7396D2A8D202F005CFC2C /* Assets.xcassets in Resources */,
			);
			runOnlyForDeploymentPostprocessing = 0;
		};
/* End PBXResourcesBuildPhase section */

/* Begin PBXSourcesBuildPhase section */
		B2EDD61F2A9902C30017EEF8 /* Sources */ = {
			isa = PBXSourcesBuildPhase;
			buildActionMask = 2147483647;
			files = (
				B2EDD6262A9902C30017EEF8 /* hackertonTests.swift in Sources */,
			);
			runOnlyForDeploymentPostprocessing = 0;
		};
		B5C739612A8D202E005CFC2C /* Sources */ = {
			isa = PBXSourcesBuildPhase;
			buildActionMask = 2147483647;
			files = (
				4221DF232A9735BC00F532F1 /* MenuCardView.swift in Sources */,
				4221DF1E2A9725D400F532F1 /* MenuView.swift in Sources */,
				4221DF272A97458B00F532F1 /* OrderListView.swift in Sources */,
				4221DF1C2A9725B600F532F1 /* MenuModel.swift in Sources */,
				B2EDD61E2A9900DF0017EEF8 /* StringExtension.swift in Sources */,
				B52523712A98BF66004FC2C3 /* WordTaggerViewModel.swift in Sources */,
				B52523702A98BF66004FC2C3 /* WordTaggerView.swift in Sources */,
				4221DF2A2A9748AC00F532F1 /* AfterPaymentView.swift in Sources */,
				B5C739772A8D23E8005CFC2C /* OrderButtonView.swift in Sources */,
				B52523732A98BF9E004FC2C3 /* WordTagger1.mlmodel in Sources */,
				4221DF2C2A97526E00F532F1 /* MenuTypeModel.swift in Sources */,
				4221DF212A97275F00F532F1 /* ColorExtension.swift in Sources */,
				4221DF252A97429400F532F1 /* MenuTypeCardView.swift in Sources */,
				B2EDD6192A98F1F90017EEF8 /* MenuCreator.swift in Sources */,
				B5C7396B2A8D202E005CFC2C /* ContentView.swift in Sources */,
				B5C739692A8D202E005CFC2C /* hackertonApp.swift in Sources */,
			);
			runOnlyForDeploymentPostprocessing = 0;
		};
/* End PBXSourcesBuildPhase section */

/* Begin PBXTargetDependency section */
		B2EDD6282A9902C30017EEF8 /* PBXTargetDependency */ = {
			isa = PBXTargetDependency;
			target = B5C739642A8D202E005CFC2C /* hackerton */;
			targetProxy = B2EDD6272A9902C30017EEF8 /* PBXContainerItemProxy */;
		};
/* End PBXTargetDependency section */

/* Begin XCBuildConfiguration section */
		B2EDD62A2A9902C30017EEF8 /* Debug */ = {
			isa = XCBuildConfiguration;
			buildSettings = {
				BUNDLE_LOADER = "$(TEST_HOST)";
				CODE_SIGN_STYLE = Automatic;
				CURRENT_PROJECT_VERSION = 1;
				DEVELOPMENT_TEAM = 6BHXWP5PYW;
				GENERATE_INFOPLIST_FILE = YES;
				MARKETING_VERSION = 1.0;
				PRODUCT_BUNDLE_IDENTIFIER = com.jojosaekkie.hackertonTests;
				PRODUCT_NAME = "$(TARGET_NAME)";
				SWIFT_EMIT_LOC_STRINGS = NO;
				SWIFT_VERSION = 5.0;
				TARGETED_DEVICE_FAMILY = "1,2";
				TEST_HOST = "$(BUILT_PRODUCTS_DIR)/hackerton.app/$(BUNDLE_EXECUTABLE_FOLDER_PATH)/hackerton";
			};
			name = Debug;
		};
		B2EDD62B2A9902C30017EEF8 /* Release */ = {
			isa = XCBuildConfiguration;
			buildSettings = {
				BUNDLE_LOADER = "$(TEST_HOST)";
				CODE_SIGN_STYLE = Automatic;
				CURRENT_PROJECT_VERSION = 1;
				DEVELOPMENT_TEAM = 6BHXWP5PYW;
				GENERATE_INFOPLIST_FILE = YES;
				MARKETING_VERSION = 1.0;
				PRODUCT_BUNDLE_IDENTIFIER = com.jojosaekkie.hackertonTests;
				PRODUCT_NAME = "$(TARGET_NAME)";
				SWIFT_EMIT_LOC_STRINGS = NO;
				SWIFT_VERSION = 5.0;
				TARGETED_DEVICE_FAMILY = "1,2";
				TEST_HOST = "$(BUILT_PRODUCTS_DIR)/hackerton.app/$(BUNDLE_EXECUTABLE_FOLDER_PATH)/hackerton";
			};
			name = Release;
		};
		B5C739712A8D202F005CFC2C /* Debug */ = {
			isa = XCBuildConfiguration;
			buildSettings = {
				ALWAYS_SEARCH_USER_PATHS = NO;
				CLANG_ANALYZER_NONNULL = YES;
				CLANG_ANALYZER_NUMBER_OBJECT_CONVERSION = YES_AGGRESSIVE;
				CLANG_CXX_LANGUAGE_STANDARD = "gnu++20";
				CLANG_ENABLE_MODULES = YES;
				CLANG_ENABLE_OBJC_ARC = YES;
				CLANG_ENABLE_OBJC_WEAK = YES;
				CLANG_WARN_BLOCK_CAPTURE_AUTORELEASING = YES;
				CLANG_WARN_BOOL_CONVERSION = YES;
				CLANG_WARN_COMMA = YES;
				CLANG_WARN_CONSTANT_CONVERSION = YES;
				CLANG_WARN_DEPRECATED_OBJC_IMPLEMENTATIONS = YES;
				CLANG_WARN_DIRECT_OBJC_ISA_USAGE = YES_ERROR;
				CLANG_WARN_DOCUMENTATION_COMMENTS = YES;
				CLANG_WARN_EMPTY_BODY = YES;
				CLANG_WARN_ENUM_CONVERSION = YES;
				CLANG_WARN_INFINITE_RECURSION = YES;
				CLANG_WARN_INT_CONVERSION = YES;
				CLANG_WARN_NON_LITERAL_NULL_CONVERSION = YES;
				CLANG_WARN_OBJC_IMPLICIT_RETAIN_SELF = YES;
				CLANG_WARN_OBJC_LITERAL_CONVERSION = YES;
				CLANG_WARN_OBJC_ROOT_CLASS = YES_ERROR;
				CLANG_WARN_QUOTED_INCLUDE_IN_FRAMEWORK_HEADER = YES;
				CLANG_WARN_RANGE_LOOP_ANALYSIS = YES;
				CLANG_WARN_STRICT_PROTOTYPES = YES;
				CLANG_WARN_SUSPICIOUS_MOVE = YES;
				CLANG_WARN_UNGUARDED_AVAILABILITY = YES_AGGRESSIVE;
				CLANG_WARN_UNREACHABLE_CODE = YES;
				CLANG_WARN__DUPLICATE_METHOD_MATCH = YES;
				COPY_PHASE_STRIP = NO;
				DEBUG_INFORMATION_FORMAT = dwarf;
				ENABLE_STRICT_OBJC_MSGSEND = YES;
				ENABLE_TESTABILITY = YES;
				GCC_C_LANGUAGE_STANDARD = gnu11;
				GCC_DYNAMIC_NO_PIC = NO;
				GCC_NO_COMMON_BLOCKS = YES;
				GCC_OPTIMIZATION_LEVEL = 0;
				GCC_PREPROCESSOR_DEFINITIONS = (
					"DEBUG=1",
					"$(inherited)",
				);
				GCC_WARN_64_TO_32_BIT_CONVERSION = YES;
				GCC_WARN_ABOUT_RETURN_TYPE = YES_ERROR;
				GCC_WARN_UNDECLARED_SELECTOR = YES;
				GCC_WARN_UNINITIALIZED_AUTOS = YES_AGGRESSIVE;
				GCC_WARN_UNUSED_FUNCTION = YES;
				GCC_WARN_UNUSED_VARIABLE = YES;
				IPHONEOS_DEPLOYMENT_TARGET = 16.4;
				MTL_ENABLE_DEBUG_INFO = INCLUDE_SOURCE;
				MTL_FAST_MATH = YES;
				ONLY_ACTIVE_ARCH = YES;
				SDKROOT = iphoneos;
				SWIFT_ACTIVE_COMPILATION_CONDITIONS = DEBUG;
				SWIFT_OPTIMIZATION_LEVEL = "-Onone";
			};
			name = Debug;
		};
		B5C739722A8D202F005CFC2C /* Release */ = {
			isa = XCBuildConfiguration;
			buildSettings = {
				ALWAYS_SEARCH_USER_PATHS = NO;
				CLANG_ANALYZER_NONNULL = YES;
				CLANG_ANALYZER_NUMBER_OBJECT_CONVERSION = YES_AGGRESSIVE;
				CLANG_CXX_LANGUAGE_STANDARD = "gnu++20";
				CLANG_ENABLE_MODULES = YES;
				CLANG_ENABLE_OBJC_ARC = YES;
				CLANG_ENABLE_OBJC_WEAK = YES;
				CLANG_WARN_BLOCK_CAPTURE_AUTORELEASING = YES;
				CLANG_WARN_BOOL_CONVERSION = YES;
				CLANG_WARN_COMMA = YES;
				CLANG_WARN_CONSTANT_CONVERSION = YES;
				CLANG_WARN_DEPRECATED_OBJC_IMPLEMENTATIONS = YES;
				CLANG_WARN_DIRECT_OBJC_ISA_USAGE = YES_ERROR;
				CLANG_WARN_DOCUMENTATION_COMMENTS = YES;
				CLANG_WARN_EMPTY_BODY = YES;
				CLANG_WARN_ENUM_CONVERSION = YES;
				CLANG_WARN_INFINITE_RECURSION = YES;
				CLANG_WARN_INT_CONVERSION = YES;
				CLANG_WARN_NON_LITERAL_NULL_CONVERSION = YES;
				CLANG_WARN_OBJC_IMPLICIT_RETAIN_SELF = YES;
				CLANG_WARN_OBJC_LITERAL_CONVERSION = YES;
				CLANG_WARN_OBJC_ROOT_CLASS = YES_ERROR;
				CLANG_WARN_QUOTED_INCLUDE_IN_FRAMEWORK_HEADER = YES;
				CLANG_WARN_RANGE_LOOP_ANALYSIS = YES;
				CLANG_WARN_STRICT_PROTOTYPES = YES;
				CLANG_WARN_SUSPICIOUS_MOVE = YES;
				CLANG_WARN_UNGUARDED_AVAILABILITY = YES_AGGRESSIVE;
				CLANG_WARN_UNREACHABLE_CODE = YES;
				CLANG_WARN__DUPLICATE_METHOD_MATCH = YES;
				COPY_PHASE_STRIP = NO;
				DEBUG_INFORMATION_FORMAT = "dwarf-with-dsym";
				ENABLE_NS_ASSERTIONS = NO;
				ENABLE_STRICT_OBJC_MSGSEND = YES;
				GCC_C_LANGUAGE_STANDARD = gnu11;
				GCC_NO_COMMON_BLOCKS = YES;
				GCC_WARN_64_TO_32_BIT_CONVERSION = YES;
				GCC_WARN_ABOUT_RETURN_TYPE = YES_ERROR;
				GCC_WARN_UNDECLARED_SELECTOR = YES;
				GCC_WARN_UNINITIALIZED_AUTOS = YES_AGGRESSIVE;
				GCC_WARN_UNUSED_FUNCTION = YES;
				GCC_WARN_UNUSED_VARIABLE = YES;
				IPHONEOS_DEPLOYMENT_TARGET = 16.4;
				MTL_ENABLE_DEBUG_INFO = NO;
				MTL_FAST_MATH = YES;
				SDKROOT = iphoneos;
				SWIFT_COMPILATION_MODE = wholemodule;
				SWIFT_OPTIMIZATION_LEVEL = "-O";
				VALIDATE_PRODUCT = YES;
			};
			name = Release;
		};
		B5C739742A8D202F005CFC2C /* Debug */ = {
			isa = XCBuildConfiguration;
			buildSettings = {
				ASSETCATALOG_COMPILER_APPICON_NAME = AppIcon;
				ASSETCATALOG_COMPILER_GLOBAL_ACCENT_COLOR_NAME = AccentColor;
				CODE_SIGN_STYLE = Automatic;
				CURRENT_PROJECT_VERSION = 1;
				DEVELOPMENT_ASSET_PATHS = "\"hackerton/Preview Content\"";
				DEVELOPMENT_TEAM = X32GZ3NKQ8;
				ENABLE_PREVIEWS = YES;
				GENERATE_INFOPLIST_FILE = YES;
				INFOPLIST_FILE = hackerton/Info.plist;
				INFOPLIST_KEY_NSMicrophoneUsageDescription = "";
				INFOPLIST_KEY_UIApplicationSceneManifest_Generation = YES;
				INFOPLIST_KEY_UIApplicationSupportsIndirectInputEvents = YES;
				INFOPLIST_KEY_UILaunchScreen_Generation = YES;
				INFOPLIST_KEY_UISupportedInterfaceOrientations_iPad = "UIInterfaceOrientationLandscapeLeft UIInterfaceOrientationLandscapeRight UIInterfaceOrientationPortrait UIInterfaceOrientationPortraitUpsideDown";
				LD_RUNPATH_SEARCH_PATHS = (
					"$(inherited)",
					"@executable_path/Frameworks",
				);
				MARKETING_VERSION = 1.0;
				PRODUCT_BUNDLE_IDENTIFIER = posdev.hackerton;
				PRODUCT_NAME = "$(TARGET_NAME)";
				SWIFT_EMIT_LOC_STRINGS = YES;
				SWIFT_VERSION = 5.0;
				TARGETED_DEVICE_FAMILY = "1,2";
			};
			name = Debug;
		};
		B5C739752A8D202F005CFC2C /* Release */ = {
			isa = XCBuildConfiguration;
			buildSettings = {
				ASSETCATALOG_COMPILER_APPICON_NAME = AppIcon;
				ASSETCATALOG_COMPILER_GLOBAL_ACCENT_COLOR_NAME = AccentColor;
				CODE_SIGN_STYLE = Automatic;
				CURRENT_PROJECT_VERSION = 1;
				DEVELOPMENT_ASSET_PATHS = "\"hackerton/Preview Content\"";
				DEVELOPMENT_TEAM = X32GZ3NKQ8;
				ENABLE_PREVIEWS = YES;
				GENERATE_INFOPLIST_FILE = YES;
				INFOPLIST_FILE = hackerton/Info.plist;
				INFOPLIST_KEY_NSMicrophoneUsageDescription = "";
				INFOPLIST_KEY_UIApplicationSceneManifest_Generation = YES;
				INFOPLIST_KEY_UIApplicationSupportsIndirectInputEvents = YES;
				INFOPLIST_KEY_UILaunchScreen_Generation = YES;
				INFOPLIST_KEY_UISupportedInterfaceOrientations_iPad = "UIInterfaceOrientationLandscapeLeft UIInterfaceOrientationLandscapeRight UIInterfaceOrientationPortrait UIInterfaceOrientationPortraitUpsideDown";
				LD_RUNPATH_SEARCH_PATHS = (
					"$(inherited)",
					"@executable_path/Frameworks",
				);
				MARKETING_VERSION = 1.0;
				PRODUCT_BUNDLE_IDENTIFIER = posdev.hackerton;
				PRODUCT_NAME = "$(TARGET_NAME)";
				SWIFT_EMIT_LOC_STRINGS = YES;
				SWIFT_VERSION = 5.0;
				TARGETED_DEVICE_FAMILY = "1,2";
			};
			name = Release;
		};
/* End XCBuildConfiguration section */

/* Begin XCConfigurationList section */
		B2EDD6292A9902C30017EEF8 /* Build configuration list for PBXNativeTarget "hackertonTests" */ = {
			isa = XCConfigurationList;
			buildConfigurations = (
				B2EDD62A2A9902C30017EEF8 /* Debug */,
				B2EDD62B2A9902C30017EEF8 /* Release */,
			);
			defaultConfigurationIsVisible = 0;
			defaultConfigurationName = Release;
		};
		B5C739602A8D202E005CFC2C /* Build configuration list for PBXProject "hackerton" */ = {
			isa = XCConfigurationList;
			buildConfigurations = (
				B5C739712A8D202F005CFC2C /* Debug */,
				B5C739722A8D202F005CFC2C /* Release */,
			);
			defaultConfigurationIsVisible = 0;
			defaultConfigurationName = Release;
		};
		B5C739732A8D202F005CFC2C /* Build configuration list for PBXNativeTarget "hackerton" */ = {
			isa = XCConfigurationList;
			buildConfigurations = (
				B5C739742A8D202F005CFC2C /* Debug */,
				B5C739752A8D202F005CFC2C /* Release */,
			);
			defaultConfigurationIsVisible = 0;
			defaultConfigurationName = Release;
		};
/* End XCConfigurationList section */

/* Begin XCRemoteSwiftPackageReference section */
		B2EDD61A2A98F2770017EEF8 /* XCRemoteSwiftPackageReference "WordCorrector" */ = {
			isa = XCRemoteSwiftPackageReference;
			repositoryURL = "https://github.com/vanism2091/WordCorrector";
			requirement = {
				kind = exactVersion;
				version = 1.0.2;
			};
		};
/* End XCRemoteSwiftPackageReference section */

/* Begin XCSwiftPackageProductDependency section */
		B2EDD61B2A98F2770017EEF8 /* WordCorrector */ = {
			isa = XCSwiftPackageProductDependency;
			package = B2EDD61A2A98F2770017EEF8 /* XCRemoteSwiftPackageReference "WordCorrector" */;
			productName = WordCorrector;
		};
/* End XCSwiftPackageProductDependency section */
	};
	rootObject = B5C7395D2A8D202E005CFC2C /* Project object */;
}
