// !$*UTF8*$!
{
	archiveVersion = 1;
	classes = {
	};
	objectVersion = 56;
	objects = {

/* Begin PBXBuildFile section */
		4221DF1C2A9725B600F532F1 /* MenuModel.swift in Sources */ = {isa = PBXBuildFile; fileRef = 4221DF1B2A9725B600F532F1 /* MenuModel.swift */; };
		4221DF1E2A9725D400F532F1 /* MenuView.swift in Sources */ = {isa = PBXBuildFile; fileRef = 4221DF1D2A9725D400F532F1 /* MenuView.swift */; };
		4221DF212A97275F00F532F1 /* ColorExtension.swift in Sources */ = {isa = PBXBuildFile; fileRef = 4221DF202A97275F00F532F1 /* ColorExtension.swift */; };
		4221DF232A9735BC00F532F1 /* MenuCardView.swift in Sources */ = {isa = PBXBuildFile; fileRef = 4221DF222A9735BC00F532F1 /* MenuCardView.swift */; };
		4221DF252A97429400F532F1 /* MenuTypeCardView.swift in Sources */ = {isa = PBXBuildFile; fileRef = 4221DF242A97429400F532F1 /* MenuTypeCardView.swift */; };
		4221DF272A97458B00F532F1 /* OrderListView.swift in Sources */ = {isa = PBXBuildFile; fileRef = 4221DF262A97458B00F532F1 /* OrderListView.swift */; };
		4221DF2A2A9748AC00F532F1 /* AfterPaymentView.swift in Sources */ = {isa = PBXBuildFile; fileRef = 4221DF292A9748AC00F532F1 /* AfterPaymentView.swift */; };
		4221DF2F2A989A7E00F532F1 /* OrderCardView.swift in Sources */ = {isa = PBXBuildFile; fileRef = 4221DF2E2A989A7E00F532F1 /* OrderCardView.swift */; };
		4221DF312A989DE200F532F1 /* PaymentView.swift in Sources */ = {isa = PBXBuildFile; fileRef = 4221DF302A989DE200F532F1 /* PaymentView.swift */; };
		4221DF332A98B4F800F532F1 /* Menuable.swift in Sources */ = {isa = PBXBuildFile; fileRef = 4221DF322A98B4F800F532F1 /* Menuable.swift */; };
		4221DF382A98BAC500F532F1 /* IntExtension.swift in Sources */ = {isa = PBXBuildFile; fileRef = 4221DF372A98BAC500F532F1 /* IntExtension.swift */; };
		4221DF3D2A998AF600F532F1 /* OpenAIService.swift in Sources */ = {isa = PBXBuildFile; fileRef = 4221DF3C2A998AF600F532F1 /* OpenAIService.swift */; };
		4221DF412A998B5700F532F1 /* ChatViewModel.swift in Sources */ = {isa = PBXBuildFile; fileRef = 4221DF402A998B5700F532F1 /* ChatViewModel.swift */; };
		4221DF452A998D2F00F532F1 /* GPTError.swift in Sources */ = {isa = PBXBuildFile; fileRef = 4221DF442A998D2F00F532F1 /* GPTError.swift */; };
		4225428B2A9A654D006A52CE /* Lottie in Frameworks */ = {isa = PBXBuildFile; productRef = 4221DF6E2A99EB9800F532F1 /* Lottie */; };
		422542902A9A67E7006A52CE /* ARKitView.swift in Sources */ = {isa = PBXBuildFile; fileRef = 42ACA2832A9A5A500084DD47 /* ARKitView.swift */; };
		422542922A9A6812006A52CE /* ChatView.swift in Sources */ = {isa = PBXBuildFile; fileRef = 422542912A9A6812006A52CE /* ChatView.swift */; };
		422542952A9A6882006A52CE /* LottieView.swift in Sources */ = {isa = PBXBuildFile; fileRef = 422542942A9A6882006A52CE /* LottieView.swift */; };
		422542992A9A68A2006A52CE /* logo.json in Resources */ = {isa = PBXBuildFile; fileRef = 422542972A9A68A2006A52CE /* logo.json */; };
		4225429B2A9A68C2006A52CE /* soundIcon.json in Resources */ = {isa = PBXBuildFile; fileRef = 4225429A2A9A68C2006A52CE /* soundIcon.json */; };
		4225429C2A9A68D3006A52CE /* WordTagger2.mlmodel in Sources */ = {isa = PBXBuildFile; fileRef = 42ACA27F2A9A59F70084DD47 /* WordTagger2.mlmodel */; };
		4225429D2A9A68DE006A52CE /* OpenAIAPIKey.swift in Sources */ = {isa = PBXBuildFile; fileRef = B2EDD6372A99EBDA0017EEF8 /* OpenAIAPIKey.swift */; };
		9834FF4A2A97A65400F4A980 /* WordTaggerViewModel.swift in Sources */ = {isa = PBXBuildFile; fileRef = 9834FF492A97A65400F4A980 /* WordTaggerViewModel.swift */; };
		9834FF4C2A97A65A00F4A980 /* WordTaggerView.swift in Sources */ = {isa = PBXBuildFile; fileRef = 9834FF4B2A97A65A00F4A980 /* WordTaggerView.swift */; };
		B2EDD62D2A999D9B0017EEF8 /* MenuCreator.swift in Sources */ = {isa = PBXBuildFile; fileRef = B2EDD62C2A999D9B0017EEF8 /* MenuCreator.swift */; };
		B2EDD62F2A999E060017EEF8 /* StringExtension.swift in Sources */ = {isa = PBXBuildFile; fileRef = B2EDD62E2A999E060017EEF8 /* StringExtension.swift */; };
		B2EDD6322A99A03D0017EEF8 /* WordCorrector in Frameworks */ = {isa = PBXBuildFile; productRef = B2EDD6312A99A03D0017EEF8 /* WordCorrector */; };
		B2EDD6362A99EB470017EEF8 /* GPTRequest.swift in Sources */ = {isa = PBXBuildFile; fileRef = B2EDD6352A99EB470017EEF8 /* GPTRequest.swift */; };
		B52523772A990168004FC2C3 /* Alamofire in Frameworks */ = {isa = PBXBuildFile; productRef = B52523762A990168004FC2C3 /* Alamofire */; };
		B52523792A9901A9004FC2C3 /* KioskRequest.swift in Sources */ = {isa = PBXBuildFile; fileRef = B52523782A9901A9004FC2C3 /* KioskRequest.swift */; };
		B525237B2A9901D5004FC2C3 /* OrderVO.swift in Sources */ = {isa = PBXBuildFile; fileRef = B525237A2A9901D5004FC2C3 /* OrderVO.swift */; };
		B525237D2A9901F2004FC2C3 /* OrderDetailVO.swift in Sources */ = {isa = PBXBuildFile; fileRef = B525237C2A9901F2004FC2C3 /* OrderDetailVO.swift */; };
		B525237F2A990202004FC2C3 /* MenuVO.swift in Sources */ = {isa = PBXBuildFile; fileRef = B525237E2A990202004FC2C3 /* MenuVO.swift */; };
		B52523812A990725004FC2C3 /* RecommendView.swift in Sources */ = {isa = PBXBuildFile; fileRef = B52523802A990725004FC2C3 /* RecommendView.swift */; };
		B5C739692A8D202E005CFC2C /* hackertonApp.swift in Sources */ = {isa = PBXBuildFile; fileRef = B5C739682A8D202E005CFC2C /* hackertonApp.swift */; };
		B5C7396B2A8D202E005CFC2C /* ContentView.swift in Sources */ = {isa = PBXBuildFile; fileRef = B5C7396A2A8D202E005CFC2C /* ContentView.swift */; };
		B5C7396D2A8D202F005CFC2C /* Assets.xcassets in Resources */ = {isa = PBXBuildFile; fileRef = B5C7396C2A8D202F005CFC2C /* Assets.xcassets */; };
		B5C739702A8D202F005CFC2C /* Preview Assets.xcassets in Resources */ = {isa = PBXBuildFile; fileRef = B5C7396F2A8D202F005CFC2C /* Preview Assets.xcassets */; };
		B5C739772A8D23E8005CFC2C /* STTManager.swift in Sources */ = {isa = PBXBuildFile; fileRef = B5C739762A8D23E8005CFC2C /* STTManager.swift */; };
/* End PBXBuildFile section */

/* Begin PBXFileReference section */
		4221DF1B2A9725B600F532F1 /* MenuModel.swift */ = {isa = PBXFileReference; lastKnownFileType = sourcecode.swift; path = MenuModel.swift; sourceTree = "<group>"; };
		4221DF1D2A9725D400F532F1 /* MenuView.swift */ = {isa = PBXFileReference; lastKnownFileType = sourcecode.swift; path = MenuView.swift; sourceTree = "<group>"; };
		4221DF202A97275F00F532F1 /* ColorExtension.swift */ = {isa = PBXFileReference; lastKnownFileType = sourcecode.swift; path = ColorExtension.swift; sourceTree = "<group>"; };
		4221DF222A9735BC00F532F1 /* MenuCardView.swift */ = {isa = PBXFileReference; lastKnownFileType = sourcecode.swift; path = MenuCardView.swift; sourceTree = "<group>"; };
		4221DF242A97429400F532F1 /* MenuTypeCardView.swift */ = {isa = PBXFileReference; lastKnownFileType = sourcecode.swift; path = MenuTypeCardView.swift; sourceTree = "<group>"; };
		4221DF262A97458B00F532F1 /* OrderListView.swift */ = {isa = PBXFileReference; lastKnownFileType = sourcecode.swift; path = OrderListView.swift; sourceTree = "<group>"; };
		4221DF292A9748AC00F532F1 /* AfterPaymentView.swift */ = {isa = PBXFileReference; lastKnownFileType = sourcecode.swift; path = AfterPaymentView.swift; sourceTree = "<group>"; };
		4221DF2E2A989A7E00F532F1 /* OrderCardView.swift */ = {isa = PBXFileReference; lastKnownFileType = sourcecode.swift; path = OrderCardView.swift; sourceTree = "<group>"; };
		4221DF302A989DE200F532F1 /* PaymentView.swift */ = {isa = PBXFileReference; lastKnownFileType = sourcecode.swift; path = PaymentView.swift; sourceTree = "<group>"; };
		4221DF322A98B4F800F532F1 /* Menuable.swift */ = {isa = PBXFileReference; lastKnownFileType = sourcecode.swift; path = Menuable.swift; sourceTree = "<group>"; };
		4221DF372A98BAC500F532F1 /* IntExtension.swift */ = {isa = PBXFileReference; lastKnownFileType = sourcecode.swift; path = IntExtension.swift; sourceTree = "<group>"; };
		4221DF3C2A998AF600F532F1 /* OpenAIService.swift */ = {isa = PBXFileReference; lastKnownFileType = sourcecode.swift; path = OpenAIService.swift; sourceTree = "<group>"; };
		4221DF402A998B5700F532F1 /* ChatViewModel.swift */ = {isa = PBXFileReference; lastKnownFileType = sourcecode.swift; path = ChatViewModel.swift; sourceTree = "<group>"; };
		4221DF442A998D2F00F532F1 /* GPTError.swift */ = {isa = PBXFileReference; lastKnownFileType = sourcecode.swift; path = GPTError.swift; sourceTree = "<group>"; };
		422542912A9A6812006A52CE /* ChatView.swift */ = {isa = PBXFileReference; lastKnownFileType = sourcecode.swift; path = ChatView.swift; sourceTree = "<group>"; };
		422542942A9A6882006A52CE /* LottieView.swift */ = {isa = PBXFileReference; lastKnownFileType = sourcecode.swift; path = LottieView.swift; sourceTree = "<group>"; };
		422542972A9A68A2006A52CE /* logo.json */ = {isa = PBXFileReference; fileEncoding = 4; lastKnownFileType = text.json; path = logo.json; sourceTree = "<group>"; };
		4225429A2A9A68C2006A52CE /* soundIcon.json */ = {isa = PBXFileReference; fileEncoding = 4; lastKnownFileType = text.json; name = soundIcon.json; path = ../../../../../../Downloads/soundIcon.json; sourceTree = "<group>"; };
		42ACA27F2A9A59F70084DD47 /* WordTagger2.mlmodel */ = {isa = PBXFileReference; lastKnownFileType = file.mlmodel; path = WordTagger2.mlmodel; sourceTree = "<group>"; };
		42ACA2832A9A5A500084DD47 /* ARKitView.swift */ = {isa = PBXFileReference; lastKnownFileType = sourcecode.swift; path = ARKitView.swift; sourceTree = "<group>"; };
		9834FF492A97A65400F4A980 /* WordTaggerViewModel.swift */ = {isa = PBXFileReference; fileEncoding = 4; lastKnownFileType = sourcecode.swift; path = WordTaggerViewModel.swift; sourceTree = "<group>"; };
		9834FF4B2A97A65A00F4A980 /* WordTaggerView.swift */ = {isa = PBXFileReference; fileEncoding = 4; lastKnownFileType = sourcecode.swift; path = WordTaggerView.swift; sourceTree = "<group>"; };
		B2EDD62C2A999D9B0017EEF8 /* MenuCreator.swift */ = {isa = PBXFileReference; lastKnownFileType = sourcecode.swift; path = MenuCreator.swift; sourceTree = "<group>"; };
		B2EDD62E2A999E060017EEF8 /* StringExtension.swift */ = {isa = PBXFileReference; lastKnownFileType = sourcecode.swift; path = StringExtension.swift; sourceTree = "<group>"; };
		B2EDD6352A99EB470017EEF8 /* GPTRequest.swift */ = {isa = PBXFileReference; lastKnownFileType = sourcecode.swift; path = GPTRequest.swift; sourceTree = "<group>"; };
		B2EDD6372A99EBDA0017EEF8 /* OpenAIAPIKey.swift */ = {isa = PBXFileReference; lastKnownFileType = sourcecode.swift; path = OpenAIAPIKey.swift; sourceTree = "<group>"; };
		B52523782A9901A9004FC2C3 /* KioskRequest.swift */ = {isa = PBXFileReference; lastKnownFileType = sourcecode.swift; path = KioskRequest.swift; sourceTree = "<group>"; };
		B525237A2A9901D5004FC2C3 /* OrderVO.swift */ = {isa = PBXFileReference; lastKnownFileType = sourcecode.swift; path = OrderVO.swift; sourceTree = "<group>"; };
		B525237C2A9901F2004FC2C3 /* OrderDetailVO.swift */ = {isa = PBXFileReference; lastKnownFileType = sourcecode.swift; path = OrderDetailVO.swift; sourceTree = "<group>"; };
		B525237E2A990202004FC2C3 /* MenuVO.swift */ = {isa = PBXFileReference; lastKnownFileType = sourcecode.swift; path = MenuVO.swift; sourceTree = "<group>"; };
		B52523802A990725004FC2C3 /* RecommendView.swift */ = {isa = PBXFileReference; lastKnownFileType = sourcecode.swift; path = RecommendView.swift; sourceTree = "<group>"; };
		B5C739652A8D202E005CFC2C /* hackerton.app */ = {isa = PBXFileReference; explicitFileType = wrapper.application; includeInIndex = 0; path = hackerton.app; sourceTree = BUILT_PRODUCTS_DIR; };
		B5C739682A8D202E005CFC2C /* hackertonApp.swift */ = {isa = PBXFileReference; lastKnownFileType = sourcecode.swift; path = hackertonApp.swift; sourceTree = "<group>"; };
		B5C7396A2A8D202E005CFC2C /* ContentView.swift */ = {isa = PBXFileReference; lastKnownFileType = sourcecode.swift; path = ContentView.swift; sourceTree = "<group>"; };
		B5C7396C2A8D202F005CFC2C /* Assets.xcassets */ = {isa = PBXFileReference; lastKnownFileType = folder.assetcatalog; path = Assets.xcassets; sourceTree = "<group>"; };
		B5C7396F2A8D202F005CFC2C /* Preview Assets.xcassets */ = {isa = PBXFileReference; lastKnownFileType = folder.assetcatalog; path = "Preview Assets.xcassets"; sourceTree = "<group>"; };
		B5C739762A8D23E8005CFC2C /* STTManager.swift */ = {isa = PBXFileReference; lastKnownFileType = sourcecode.swift; path = STTManager.swift; sourceTree = "<group>"; };
		B5C739942A934D5E005CFC2C /* Info.plist */ = {isa = PBXFileReference; lastKnownFileType = text.plist; path = Info.plist; sourceTree = "<group>"; };
/* End PBXFileReference section */

/* Begin PBXFrameworksBuildPhase section */
		B5C739622A8D202E005CFC2C /* Frameworks */ = {
			isa = PBXFrameworksBuildPhase;
			buildActionMask = 2147483647;
			files = (
				4225428B2A9A654D006A52CE /* Lottie in Frameworks */,
				B2EDD6322A99A03D0017EEF8 /* WordCorrector in Frameworks */,
				B52523772A990168004FC2C3 /* Alamofire in Frameworks */,
			);
			runOnlyForDeploymentPostprocessing = 0;
		};
/* End PBXFrameworksBuildPhase section */

/* Begin PBXGroup section */
		4221DF192A97258E00F532F1 /* View */ = {
			isa = PBXGroup;
			children = (
				422542932A9A6875006A52CE /* Lottie */,
				4221DF462A9990E000F532F1 /* AR */,
				4221DF2D2A97533D00F532F1 /* CardView */,
				B5C7396A2A8D202E005CFC2C /* ContentView.swift */,
				4221DF1D2A9725D400F532F1 /* MenuView.swift */,
				4221DF262A97458B00F532F1 /* OrderListView.swift */,
				4221DF302A989DE200F532F1 /* PaymentView.swift */,
				B52523802A990725004FC2C3 /* RecommendView.swift */,
				4221DF292A9748AC00F532F1 /* AfterPaymentView.swift */,
			);
			path = View;
			sourceTree = "<group>";
		};
		4221DF1A2A9725A400F532F1 /* Model */ = {
			isa = PBXGroup;
			children = (
				4221DF1B2A9725B600F532F1 /* MenuModel.swift */,
				4221DF322A98B4F800F532F1 /* Menuable.swift */,
				B2EDD62C2A999D9B0017EEF8 /* MenuCreator.swift */,
			);
			path = Model;
			sourceTree = "<group>";
		};
		4221DF1F2A97273E00F532F1 /* Extension */ = {
			isa = PBXGroup;
			children = (
				4221DF202A97275F00F532F1 /* ColorExtension.swift */,
				4221DF372A98BAC500F532F1 /* IntExtension.swift */,
				B2EDD62E2A999E060017EEF8 /* StringExtension.swift */,
			);
			path = Extension;
			sourceTree = "<group>";
		};
		4221DF2D2A97533D00F532F1 /* CardView */ = {
			isa = PBXGroup;
			children = (
				4221DF222A9735BC00F532F1 /* MenuCardView.swift */,
				4221DF242A97429400F532F1 /* MenuTypeCardView.swift */,
				4221DF2E2A989A7E00F532F1 /* OrderCardView.swift */,
			);
			path = CardView;
			sourceTree = "<group>";
		};
		4221DF3B2A998A9C00F532F1 /* OpenAI */ = {
			isa = PBXGroup;
			children = (
				4221DF3C2A998AF600F532F1 /* OpenAIService.swift */,
				4221DF402A998B5700F532F1 /* ChatViewModel.swift */,
				4221DF442A998D2F00F532F1 /* GPTError.swift */,
				B2EDD6352A99EB470017EEF8 /* GPTRequest.swift */,
				B2EDD6372A99EBDA0017EEF8 /* OpenAIAPIKey.swift */,
				422542912A9A6812006A52CE /* ChatView.swift */,
			);
			path = OpenAI;
			sourceTree = "<group>";
		};
		4221DF462A9990E000F532F1 /* AR */ = {
			isa = PBXGroup;
			children = (
				42ACA2832A9A5A500084DD47 /* ARKitView.swift */,
			);
			path = AR;
			sourceTree = "<group>";
		};
		422542932A9A6875006A52CE /* Lottie */ = {
			isa = PBXGroup;
			children = (
				422542972A9A68A2006A52CE /* logo.json */,
				4225429A2A9A68C2006A52CE /* soundIcon.json */,
				422542942A9A6882006A52CE /* LottieView.swift */,
			);
			path = Lottie;
			sourceTree = "<group>";
		};
		9834FF462A97A63300F4A980 /* MLModel */ = {
			isa = PBXGroup;
			children = (
				9834FF482A97A64400F4A980 /* MLModelViewModel */,
				9834FF472A97A63C00F4A980 /* MLModelView */,
			);
			path = MLModel;
			sourceTree = "<group>";
		};
		9834FF472A97A63C00F4A980 /* MLModelView */ = {
			isa = PBXGroup;
			children = (
				9834FF4B2A97A65A00F4A980 /* WordTaggerView.swift */,
			);
			path = MLModelView;
			sourceTree = "<group>";
		};
		9834FF482A97A64400F4A980 /* MLModelViewModel */ = {
			isa = PBXGroup;
			children = (
				9834FF492A97A65400F4A980 /* WordTaggerViewModel.swift */,
			);
			path = MLModelViewModel;
			sourceTree = "<group>";
		};
		B5C7395C2A8D202E005CFC2C = {
			isa = PBXGroup;
			children = (
				B5C739672A8D202E005CFC2C /* hackerton */,
				B5C739662A8D202E005CFC2C /* Products */,
			);
			sourceTree = "<group>";
		};
		B5C739662A8D202E005CFC2C /* Products */ = {
			isa = PBXGroup;
			children = (
				B5C739652A8D202E005CFC2C /* hackerton.app */,
			);
			name = Products;
			sourceTree = "<group>";
		};
		B5C739672A8D202E005CFC2C /* hackerton */ = {
			isa = PBXGroup;
			children = (
				4221DF3B2A998A9C00F532F1 /* OpenAI */,
				9834FF462A97A63300F4A980 /* MLModel */,
				B5C739942A934D5E005CFC2C /* Info.plist */,
				B5C739682A8D202E005CFC2C /* hackertonApp.swift */,
				4221DF192A97258E00F532F1 /* View */,
				B5C739762A8D23E8005CFC2C /* STTManager.swift */,
				4221DF1F2A97273E00F532F1 /* Extension */,
				4221DF1A2A9725A400F532F1 /* Model */,
				B5C7396C2A8D202F005CFC2C /* Assets.xcassets */,
				42ACA27F2A9A59F70084DD47 /* WordTagger2.mlmodel */,
				B5C7396E2A8D202F005CFC2C /* Preview Content */,
				B52523782A9901A9004FC2C3 /* KioskRequest.swift */,
				B525237A2A9901D5004FC2C3 /* OrderVO.swift */,
				B525237C2A9901F2004FC2C3 /* OrderDetailVO.swift */,
				B525237E2A990202004FC2C3 /* MenuVO.swift */,
			);
			path = hackerton;
			sourceTree = "<group>";
		};
		B5C7396E2A8D202F005CFC2C /* Preview Content */ = {
			isa = PBXGroup;
			children = (
				B5C7396F2A8D202F005CFC2C /* Preview Assets.xcassets */,
			);
			path = "Preview Content";
			sourceTree = "<group>";
		};
/* End PBXGroup section */

/* Begin PBXNativeTarget section */
		B5C739642A8D202E005CFC2C /* hackerton */ = {
			isa = PBXNativeTarget;
			buildConfigurationList = B5C739732A8D202F005CFC2C /* Build configuration list for PBXNativeTarget "hackerton" */;
			buildPhases = (
				B5C739612A8D202E005CFC2C /* Sources */,
				B5C739622A8D202E005CFC2C /* Frameworks */,
				B5C739632A8D202E005CFC2C /* Resources */,
			);
			buildRules = (
			);
			dependencies = (
			);
			name = hackerton;
			packageProductDependencies = (
				B52523762A990168004FC2C3 /* Alamofire */,
				B2EDD6312A99A03D0017EEF8 /* WordCorrector */,
				4221DF6E2A99EB9800F532F1 /* Lottie */,
			);
			productName = hackerton;
			productReference = B5C739652A8D202E005CFC2C /* hackerton.app */;
			productType = "com.apple.product-type.application";
		};
/* End PBXNativeTarget section */

/* Begin PBXProject section */
		B5C7395D2A8D202E005CFC2C /* Project object */ = {
			isa = PBXProject;
			attributes = {
				BuildIndependentTargetsInParallel = 1;
				LastSwiftUpdateCheck = 1430;
				LastUpgradeCheck = 1430;
				TargetAttributes = {
					B5C739642A8D202E005CFC2C = {
						CreatedOnToolsVersion = 14.3.1;
					};
				};
			};
			buildConfigurationList = B5C739602A8D202E005CFC2C /* Build configuration list for PBXProject "hackerton" */;
			compatibilityVersion = "Xcode 14.0";
			developmentRegion = en;
			hasScannedForEncodings = 0;
			knownRegions = (
				en,
				Base,
			);
			mainGroup = B5C7395C2A8D202E005CFC2C;
			packageReferences = (
				B52523752A990168004FC2C3 /* XCRemoteSwiftPackageReference "Alamofire" */,
				B2EDD6302A99A03D0017EEF8 /* XCRemoteSwiftPackageReference "WordCorrector" */,
				4221DF6D2A99EB9800F532F1 /* XCRemoteSwiftPackageReference "lottie-ios" */,
			);
			productRefGroup = B5C739662A8D202E005CFC2C /* Products */;
			projectDirPath = "";
			projectRoot = "";
			targets = (
				B5C739642A8D202E005CFC2C /* hackerton */,
			);
		};
/* End PBXProject section */

/* Begin PBXResourcesBuildPhase section */
		B5C739632A8D202E005CFC2C /* Resources */ = {
			isa = PBXResourcesBuildPhase;
			buildActionMask = 2147483647;
			files = (
				4225429B2A9A68C2006A52CE /* soundIcon.json in Resources */,
				B5C739702A8D202F005CFC2C /* Preview Assets.xcassets in Resources */,
				422542992A9A68A2006A52CE /* logo.json in Resources */,
				B5C7396D2A8D202F005CFC2C /* Assets.xcassets in Resources */,
			);
			runOnlyForDeploymentPostprocessing = 0;
		};
/* End PBXResourcesBuildPhase section */

/* Begin PBXSourcesBuildPhase section */
		B5C739612A8D202E005CFC2C /* Sources */ = {
			isa = PBXSourcesBuildPhase;
			buildActionMask = 2147483647;
			files = (
				4221DF232A9735BC00F532F1 /* MenuCardView.swift in Sources */,
				422542922A9A6812006A52CE /* ChatView.swift in Sources */,
				B52523792A9901A9004FC2C3 /* KioskRequest.swift in Sources */,
				4221DF312A989DE200F532F1 /* PaymentView.swift in Sources */,
				4221DF1E2A9725D400F532F1 /* MenuView.swift in Sources */,
				4221DF272A97458B00F532F1 /* OrderListView.swift in Sources */,
				B52523812A990725004FC2C3 /* RecommendView.swift in Sources */,
				4221DF1C2A9725B600F532F1 /* MenuModel.swift in Sources */,
				9834FF4C2A97A65A00F4A980 /* WordTaggerView.swift in Sources */,
				9834FF4A2A97A65400F4A980 /* WordTaggerViewModel.swift in Sources */,
				4221DF2A2A9748AC00F532F1 /* AfterPaymentView.swift in Sources */,
				B5C739772A8D23E8005CFC2C /* STTManager.swift in Sources */,
				4225429D2A9A68DE006A52CE /* OpenAIAPIKey.swift in Sources */,
				4221DF212A97275F00F532F1 /* ColorExtension.swift in Sources */,
				422542902A9A67E7006A52CE /* ARKitView.swift in Sources */,
				4221DF412A998B5700F532F1 /* ChatViewModel.swift in Sources */,
				4221DF452A998D2F00F532F1 /* GPTError.swift in Sources */,
				4221DF252A97429400F532F1 /* MenuTypeCardView.swift in Sources */,
				422542952A9A6882006A52CE /* LottieView.swift in Sources */,
				4221DF382A98BAC500F532F1 /* IntExtension.swift in Sources */,
				B525237B2A9901D5004FC2C3 /* OrderVO.swift in Sources */,
				B525237F2A990202004FC2C3 /* MenuVO.swift in Sources */,
				4221DF2F2A989A7E00F532F1 /* OrderCardView.swift in Sources */,
				4221DF332A98B4F800F532F1 /* Menuable.swift in Sources */,
				4225429C2A9A68D3006A52CE /* WordTagger2.mlmodel in Sources */,
				B5C7396B2A8D202E005CFC2C /* ContentView.swift in Sources */,
				B2EDD62F2A999E060017EEF8 /* StringExtension.swift in Sources */,
				B2EDD6362A99EB470017EEF8 /* GPTRequest.swift in Sources */,
				4221DF3D2A998AF600F532F1 /* OpenAIService.swift in Sources */,
				B525237D2A9901F2004FC2C3 /* OrderDetailVO.swift in Sources */,
				B5C739692A8D202E005CFC2C /* hackertonApp.swift in Sources */,
				B2EDD62D2A999D9B0017EEF8 /* MenuCreator.swift in Sources */,
			);
			runOnlyForDeploymentPostprocessing = 0;
		};
/* End PBXSourcesBuildPhase section */

/* Begin XCBuildConfiguration section */
		B5C739712A8D202F005CFC2C /* Debug */ = {
			isa = XCBuildConfiguration;
			buildSettings = {
				ALWAYS_SEARCH_USER_PATHS = NO;
				CLANG_ANALYZER_NONNULL = YES;
				CLANG_ANALYZER_NUMBER_OBJECT_CONVERSION = YES_AGGRESSIVE;
				CLANG_CXX_LANGUAGE_STANDARD = "gnu++20";
				CLANG_ENABLE_MODULES = YES;
				CLANG_ENABLE_OBJC_ARC = YES;
				CLANG_ENABLE_OBJC_WEAK = YES;
				CLANG_WARN_BLOCK_CAPTURE_AUTORELEASING = YES;
				CLANG_WARN_BOOL_CONVERSION = YES;
				CLANG_WARN_COMMA = YES;
				CLANG_WARN_CONSTANT_CONVERSION = YES;
				CLANG_WARN_DEPRECATED_OBJC_IMPLEMENTATIONS = YES;
				CLANG_WARN_DIRECT_OBJC_ISA_USAGE = YES_ERROR;
				CLANG_WARN_DOCUMENTATION_COMMENTS = YES;
				CLANG_WARN_EMPTY_BODY = YES;
				CLANG_WARN_ENUM_CONVERSION = YES;
				CLANG_WARN_INFINITE_RECURSION = YES;
				CLANG_WARN_INT_CONVERSION = YES;
				CLANG_WARN_NON_LITERAL_NULL_CONVERSION = YES;
				CLANG_WARN_OBJC_IMPLICIT_RETAIN_SELF = YES;
				CLANG_WARN_OBJC_LITERAL_CONVERSION = YES;
				CLANG_WARN_OBJC_ROOT_CLASS = YES_ERROR;
				CLANG_WARN_QUOTED_INCLUDE_IN_FRAMEWORK_HEADER = YES;
				CLANG_WARN_RANGE_LOOP_ANALYSIS = YES;
				CLANG_WARN_STRICT_PROTOTYPES = YES;
				CLANG_WARN_SUSPICIOUS_MOVE = YES;
				CLANG_WARN_UNGUARDED_AVAILABILITY = YES_AGGRESSIVE;
				CLANG_WARN_UNREACHABLE_CODE = YES;
				CLANG_WARN__DUPLICATE_METHOD_MATCH = YES;
				COPY_PHASE_STRIP = NO;
				DEBUG_INFORMATION_FORMAT = dwarf;
				ENABLE_STRICT_OBJC_MSGSEND = YES;
				ENABLE_TESTABILITY = YES;
				GCC_C_LANGUAGE_STANDARD = gnu11;
				GCC_DYNAMIC_NO_PIC = NO;
				GCC_NO_COMMON_BLOCKS = YES;
				GCC_OPTIMIZATION_LEVEL = 0;
				GCC_PREPROCESSOR_DEFINITIONS = (
					"DEBUG=1",
					"$(inherited)",
				);
				GCC_WARN_64_TO_32_BIT_CONVERSION = YES;
				GCC_WARN_ABOUT_RETURN_TYPE = YES_ERROR;
				GCC_WARN_UNDECLARED_SELECTOR = YES;
				GCC_WARN_UNINITIALIZED_AUTOS = YES_AGGRESSIVE;
				GCC_WARN_UNUSED_FUNCTION = YES;
				GCC_WARN_UNUSED_VARIABLE = YES;
				IPHONEOS_DEPLOYMENT_TARGET = 16.4;
				MTL_ENABLE_DEBUG_INFO = INCLUDE_SOURCE;
				MTL_FAST_MATH = YES;
				ONLY_ACTIVE_ARCH = YES;
				SDKROOT = iphoneos;
				SWIFT_ACTIVE_COMPILATION_CONDITIONS = DEBUG;
				SWIFT_OPTIMIZATION_LEVEL = "-Onone";
			};
			name = Debug;
		};
		B5C739722A8D202F005CFC2C /* Release */ = {
			isa = XCBuildConfiguration;
			buildSettings = {
				ALWAYS_SEARCH_USER_PATHS = NO;
				CLANG_ANALYZER_NONNULL = YES;
				CLANG_ANALYZER_NUMBER_OBJECT_CONVERSION = YES_AGGRESSIVE;
				CLANG_CXX_LANGUAGE_STANDARD = "gnu++20";
				CLANG_ENABLE_MODULES = YES;
				CLANG_ENABLE_OBJC_ARC = YES;
				CLANG_ENABLE_OBJC_WEAK = YES;
				CLANG_WARN_BLOCK_CAPTURE_AUTORELEASING = YES;
				CLANG_WARN_BOOL_CONVERSION = YES;
				CLANG_WARN_COMMA = YES;
				CLANG_WARN_CONSTANT_CONVERSION = YES;
				CLANG_WARN_DEPRECATED_OBJC_IMPLEMENTATIONS = YES;
				CLANG_WARN_DIRECT_OBJC_ISA_USAGE = YES_ERROR;
				CLANG_WARN_DOCUMENTATION_COMMENTS = YES;
				CLANG_WARN_EMPTY_BODY = YES;
				CLANG_WARN_ENUM_CONVERSION = YES;
				CLANG_WARN_INFINITE_RECURSION = YES;
				CLANG_WARN_INT_CONVERSION = YES;
				CLANG_WARN_NON_LITERAL_NULL_CONVERSION = YES;
				CLANG_WARN_OBJC_IMPLICIT_RETAIN_SELF = YES;
				CLANG_WARN_OBJC_LITERAL_CONVERSION = YES;
				CLANG_WARN_OBJC_ROOT_CLASS = YES_ERROR;
				CLANG_WARN_QUOTED_INCLUDE_IN_FRAMEWORK_HEADER = YES;
				CLANG_WARN_RANGE_LOOP_ANALYSIS = YES;
				CLANG_WARN_STRICT_PROTOTYPES = YES;
				CLANG_WARN_SUSPICIOUS_MOVE = YES;
				CLANG_WARN_UNGUARDED_AVAILABILITY = YES_AGGRESSIVE;
				CLANG_WARN_UNREACHABLE_CODE = YES;
				CLANG_WARN__DUPLICATE_METHOD_MATCH = YES;
				COPY_PHASE_STRIP = NO;
				DEBUG_INFORMATION_FORMAT = "dwarf-with-dsym";
				ENABLE_NS_ASSERTIONS = NO;
				ENABLE_STRICT_OBJC_MSGSEND = YES;
				GCC_C_LANGUAGE_STANDARD = gnu11;
				GCC_NO_COMMON_BLOCKS = YES;
				GCC_WARN_64_TO_32_BIT_CONVERSION = YES;
				GCC_WARN_ABOUT_RETURN_TYPE = YES_ERROR;
				GCC_WARN_UNDECLARED_SELECTOR = YES;
				GCC_WARN_UNINITIALIZED_AUTOS = YES_AGGRESSIVE;
				GCC_WARN_UNUSED_FUNCTION = YES;
				GCC_WARN_UNUSED_VARIABLE = YES;
				IPHONEOS_DEPLOYMENT_TARGET = 16.4;
				MTL_ENABLE_DEBUG_INFO = NO;
				MTL_FAST_MATH = YES;
				SDKROOT = iphoneos;
				SWIFT_COMPILATION_MODE = wholemodule;
				SWIFT_OPTIMIZATION_LEVEL = "-O";
				VALIDATE_PRODUCT = YES;
			};
			name = Release;
		};
		B5C739742A8D202F005CFC2C /* Debug */ = {
			isa = XCBuildConfiguration;
			buildSettings = {
				ASSETCATALOG_COMPILER_APPICON_NAME = AppIcon;
				ASSETCATALOG_COMPILER_GLOBAL_ACCENT_COLOR_NAME = AccentColor;
				CODE_SIGN_STYLE = Automatic;
				CURRENT_PROJECT_VERSION = 1;
				DEVELOPMENT_ASSET_PATHS = "\"hackerton/Preview Content\"";
				DEVELOPMENT_TEAM = X32GZ3NKQ8;
				ENABLE_PREVIEWS = YES;
				GENERATE_INFOPLIST_FILE = YES;
				INFOPLIST_FILE = hackerton/Info.plist;
				INFOPLIST_KEY_NSCameraUsageDescription = "$(MARKETING_VERSION)";
				INFOPLIST_KEY_NSMicrophoneUsageDescription = "";
				INFOPLIST_KEY_NSSpeechRecognitionUsageDescription = "";
				INFOPLIST_KEY_UIApplicationSceneManifest_Generation = YES;
				INFOPLIST_KEY_UIApplicationSupportsIndirectInputEvents = YES;
				INFOPLIST_KEY_UILaunchScreen_Generation = YES;
				INFOPLIST_KEY_UIStatusBarStyle = "";
				INFOPLIST_KEY_UISupportedInterfaceOrientations_iPad = UIInterfaceOrientationPortrait;
				IPHONEOS_DEPLOYMENT_TARGET = 16.0;
				LD_RUNPATH_SEARCH_PATHS = (
					"$(inherited)",
					"@executable_path/Frameworks",
				);
				MARKETING_VERSION = 1.0;
				PRODUCT_BUNDLE_IDENTIFIER = posdev.hackerton;
				PRODUCT_NAME = "$(TARGET_NAME)";
				SWIFT_EMIT_LOC_STRINGS = YES;
				SWIFT_VERSION = 5.0;
				TARGETED_DEVICE_FAMILY = "1,2";
			};
			name = Debug;
		};
		B5C739752A8D202F005CFC2C /* Release */ = {
			isa = XCBuildConfiguration;
			buildSettings = {
				ASSETCATALOG_COMPILER_APPICON_NAME = AppIcon;
				ASSETCATALOG_COMPILER_GLOBAL_ACCENT_COLOR_NAME = AccentColor;
				CODE_SIGN_STYLE = Automatic;
				CURRENT_PROJECT_VERSION = 1;
				DEVELOPMENT_ASSET_PATHS = "\"hackerton/Preview Content\"";
				DEVELOPMENT_TEAM = X32GZ3NKQ8;
				ENABLE_PREVIEWS = YES;
				GENERATE_INFOPLIST_FILE = YES;
				INFOPLIST_FILE = hackerton/Info.plist;
				INFOPLIST_KEY_NSCameraUsageDescription = "$(MARKETING_VERSION)";
				INFOPLIST_KEY_NSMicrophoneUsageDescription = "";
				INFOPLIST_KEY_NSSpeechRecognitionUsageDescription = "";
				INFOPLIST_KEY_UIApplicationSceneManifest_Generation = YES;
				INFOPLIST_KEY_UIApplicationSupportsIndirectInputEvents = YES;
				INFOPLIST_KEY_UILaunchScreen_Generation = YES;
				INFOPLIST_KEY_UIStatusBarStyle = "";
				INFOPLIST_KEY_UISupportedInterfaceOrientations_iPad = UIInterfaceOrientationPortrait;
				IPHONEOS_DEPLOYMENT_TARGET = 16.0;
				LD_RUNPATH_SEARCH_PATHS = (
					"$(inherited)",
					"@executable_path/Frameworks",
				);
				MARKETING_VERSION = 1.0;
				PRODUCT_BUNDLE_IDENTIFIER = posdev.hackerton;
				PRODUCT_NAME = "$(TARGET_NAME)";
				SWIFT_EMIT_LOC_STRINGS = YES;
				SWIFT_VERSION = 5.0;
				TARGETED_DEVICE_FAMILY = "1,2";
			};
			name = Release;
		};
/* End XCBuildConfiguration section */

/* Begin XCConfigurationList section */
		B5C739602A8D202E005CFC2C /* Build configuration list for PBXProject "hackerton" */ = {
			isa = XCConfigurationList;
			buildConfigurations = (
				B5C739712A8D202F005CFC2C /* Debug */,
				B5C739722A8D202F005CFC2C /* Release */,
			);
			defaultConfigurationIsVisible = 0;
			defaultConfigurationName = Release;
		};
		B5C739732A8D202F005CFC2C /* Build configuration list for PBXNativeTarget "hackerton" */ = {
			isa = XCConfigurationList;
			buildConfigurations = (
				B5C739742A8D202F005CFC2C /* Debug */,
				B5C739752A8D202F005CFC2C /* Release */,
			);
			defaultConfigurationIsVisible = 0;
			defaultConfigurationName = Release;
		};
/* End XCConfigurationList section */

/* Begin XCRemoteSwiftPackageReference section */
		4221DF6D2A99EB9800F532F1 /* XCRemoteSwiftPackageReference "lottie-ios" */ = {
			isa = XCRemoteSwiftPackageReference;
			repositoryURL = "https://github.com/airbnb/lottie-ios";
			requirement = {
				kind = upToNextMajorVersion;
				minimumVersion = 4.0.0;
			};
		};
		B2EDD6302A99A03D0017EEF8 /* XCRemoteSwiftPackageReference "WordCorrector" */ = {
			isa = XCRemoteSwiftPackageReference;
			repositoryURL = "https://github.com/vanism2091/WordCorrector";
			requirement = {
				kind = exactVersion;
				version = 1.0.2;
			};
		};
		B52523752A990168004FC2C3 /* XCRemoteSwiftPackageReference "Alamofire" */ = {
			isa = XCRemoteSwiftPackageReference;
			repositoryURL = "https://github.com/Alamofire/Alamofire.git";
			requirement = {
				kind = exactVersion;
				version = 5.7.1;
			};
		};
/* End XCRemoteSwiftPackageReference section */

/* Begin XCSwiftPackageProductDependency section */
		4221DF6E2A99EB9800F532F1 /* Lottie */ = {
			isa = XCSwiftPackageProductDependency;
			package = 4221DF6D2A99EB9800F532F1 /* XCRemoteSwiftPackageReference "lottie-ios" */;
			productName = Lottie;
		};
		B2EDD6312A99A03D0017EEF8 /* WordCorrector */ = {
			isa = XCSwiftPackageProductDependency;
			package = B2EDD6302A99A03D0017EEF8 /* XCRemoteSwiftPackageReference "WordCorrector" */;
			productName = WordCorrector;
		};
		B52523762A990168004FC2C3 /* Alamofire */ = {
			isa = XCSwiftPackageProductDependency;
			package = B52523752A990168004FC2C3 /* XCRemoteSwiftPackageReference "Alamofire" */;
			productName = Alamofire;
		};
/* End XCSwiftPackageProductDependency section */
	};
	rootObject = B5C7395D2A8D202E005CFC2C /* Project object */;
}
